
Microsoft Visual Studio Solution File, Format Version 12.00
# Visual Studio Version 16
VisualStudioVersion = 16.0.30804.86
MinimumVisualStudioVersion = 10.0.40219.1
Project("{FAE04EC0-301F-11D3-BF4B-00C04F79EFBC}") = "Extention-Method", "Extention-Method\Extention-Method.csproj", "{964F9916-1DCF-46DA-BCA0-021EB10ABA76}"
EndProject
Global
	GlobalSection(SolutionConfigurationPlatforms) = preSolution
		Debug|Any CPU = Debug|Any CPU
		Release|Any CPU = Release|Any CPU
	EndGlobalSection
	GlobalSection(ProjectConfigurationPlatforms) = postSolution
		{964F9916-1DCF-46DA-BCA0-021EB10ABA76}.Debug|Any CPU.ActiveCfg = Debug|Any CPU
		{964F9916-1DCF-46DA-BCA0-021EB10ABA76}.Debug|Any CPU.Build.0 = Debug|Any CPU
		{964F9916-1DCF-46DA-BCA0-021EB10ABA76}.Release|Any CPU.ActiveCfg = Release|Any CPU
		{964F9916-1DCF-46DA-BCA0-021EB10ABA76}.Release|Any CPU.Build.0 = Release|Any CPU
	EndGlobalSection
	GlobalSection(SolutionProperties) = preSolution
		HideSolutionNode = FALSE
	EndGlobalSection
	GlobalSection(ExtensibilityGlobals) = postSolution
		SolutionGuid = {965F97EC-0482-4943-A929-69EC241DBA6F}
	EndGlobalSection
EndGlobal
